{
  "requires": true,
  "lockfileVersion": 1,
  "dependencies": {
    "minecraft-scripting-types-server": {
      "version": "1.0.0-alpha.1",
      "resolved": "https://registry.npmjs.org/minecraft-scripting-types-server/-/minecraft-scripting-types-server-1.0.0-alpha.1.tgz",
      "integrity": "sha512-M/oTJi/Dr8uUECpl9V2XhVk56dTuirHLKe8VQdu3uhtSvYqjsZ6yYdOGdByUQQbDelZW4+FIF9PTWuN/U8ftyQ==",
      "dev": true,
      "requires": {
        "minecraft-scripting-types-shared": "^1.0.0-alpha.1"
      }
    },
    "minecraft-scripting-types-shared": {
      "version": "1.0.0-alpha.1",
      "resolved": "https://registry.npmjs.org/minecraft-scripting-types-shared/-/minecraft-scripting-types-shared-1.0.0-alpha.1.tgz",
      "integrity": "sha512-4j+U2Y3s9I5DrQbUQrAMZEy9gHiFSVa/fmucOXocR9axfpTJ/aJ+0X3V/Pn+grweatm5JsnOroiMqtEC0jlHcA==",
      "dev": true
    },
    "stoneserver-scripting-types": {
      "version": "0.1.5",
      "resolved": "https://registry.npm.taobao.org/stoneserver-scripting-types/download/stoneserver-scripting-types-0.1.5.tgz",
      "integrity": "sha1-1ZV0c4z6F6eDG5PvUIWd58ncwWs=",
      "dev": true
    },
    "typescript": {
      "version": "3.5.1",
      "resolved": "https://registry.npm.taobao.org/typescript/download/typescript-3.5.1.tgz",
      "integrity": "sha1-unKmpgCyFYE5xd2IUPcA4jFGQgI=",
      "dev": true
    },
    "typescript-bundle": {
      "version": "1.0.16",
      "resolved": "https://registry.npm.taobao.org/typescript-bundle/download/typescript-bundle-1.0.16.tgz",
      "integrity": "sha1-Lv7Rtp7MMQ/zm87zVnZK72du/wU=",
      "dev": true
    }
  }
}
